# Generated by buf. DO NOT EDIT.
version: v1
deps:
  - remote: buf.build
    owner: bufbuild
    repository: protovalidate
    commit: 336f5dd8968144ac91e18b834b684ae7
    digest: shake256:3b17ee39a77ef608f6648b52c11a1cd263827cbf05e3663a06250670568561d7d3234f42ab312adb7758189a389c395529533fdb3c4e5599f0182ea69e6ea8ba
